// !$*UTF8*$!
{
	archiveVersion = 1;
	classes = {
	};
	objectVersion = 46;
	objects = {

/* Begin PBXBuildFile section */
		04562E6B1E71279800A84568 /* AJMeInformationViewController.m in Sources */ = {isa = PBXBuildFile; fileRef = 04562E6A1E71279800A84568 /* AJMeInformationViewController.m */; };
		9505656A1DFDA51B00A3E5C0 /* main.m in Sources */ = {isa = PBXBuildFile; fileRef = 950565691DFDA51B00A3E5C0 /* main.m */; };
		9505656D1DFDA51B00A3E5C0 /* AppDelegate.m in Sources */ = {isa = PBXBuildFile; fileRef = 9505656C1DFDA51B00A3E5C0 /* AppDelegate.m */; };
		950565731DFDA51B00A3E5C0 /* Main.storyboard in Resources */ = {isa = PBXBuildFile; fileRef = 950565711DFDA51B00A3E5C0 /* Main.storyboard */; };
		950565781DFDA51B00A3E5C0 /* LaunchScreen.storyboard in Resources */ = {isa = PBXBuildFile; fileRef = 950565761DFDA51B00A3E5C0 /* LaunchScreen.storyboard */; };
		950565831DFDA51B00A3E5C0 /* SCTests.m in Sources */ = {isa = PBXBuildFile; fileRef = 950565821DFDA51B00A3E5C0 /* SCTests.m */; };
		9505658E1DFDA51B00A3E5C0 /* SCUITests.m in Sources */ = {isa = PBXBuildFile; fileRef = 9505658D1DFDA51B00A3E5C0 /* SCUITests.m */; };
		950CCEE91E065FE200365F77 /* AJLoginViewController.m in Sources */ = {isa = PBXBuildFile; fileRef = 950CCEE81E065FE200365F77 /* AJLoginViewController.m */; };
		95294AE21E5B2EF500FDF1A6 /* AJPasswordViewController.m in Sources */ = {isa = PBXBuildFile; fileRef = 95294AE11E5B2EF500FDF1A6 /* AJPasswordViewController.m */; };
		953E25081E61B3F4000B17EF /* AJTabBarViewController.m in Sources */ = {isa = PBXBuildFile; fileRef = 953E25071E61B3F4000B17EF /* AJTabBarViewController.m */; };
		95581E2F1E48C8D9007327A0 /* AJPasswordTextField.m in Sources */ = {isa = PBXBuildFile; fileRef = 95581E2E1E48C8D9007327A0 /* AJPasswordTextField.m */; };
		955FA3ED1E0AD4A200E7A2F2 /* AJNavigationViewController.m in Sources */ = {isa = PBXBuildFile; fileRef = 955FA3EC1E0AD4A200E7A2F2 /* AJNavigationViewController.m */; };
		955FA3F01E0ADDD900E7A2F2 /* AJRegistViewController.m in Sources */ = {isa = PBXBuildFile; fileRef = 955FA3EF1E0ADDD900E7A2F2 /* AJRegistViewController.m */; };
		957663741E6C5C390048FC96 /* AJMeSecurityTableViewController.m in Sources */ = {isa = PBXBuildFile; fileRef = 957663731E6C5C390048FC96 /* AJMeSecurityTableViewController.m */; };
		957663771E6C5C4F0048FC96 /* AJChangePasswordTableViewController.m in Sources */ = {isa = PBXBuildFile; fileRef = 957663761E6C5C4F0048FC96 /* AJChangePasswordTableViewController.m */; };
		9576637A1E6C63350048FC96 /* AJMeTableViewController.m in Sources */ = {isa = PBXBuildFile; fileRef = 957663791E6C63350048FC96 /* AJMeTableViewController.m */; };
		957E70DD1E6DABEB0059B75F /* AJSettingTableViewController.m in Sources */ = {isa = PBXBuildFile; fileRef = 957E70DC1E6DABEB0059B75F /* AJSettingTableViewController.m */; };
		957E70E01E6DAC450059B75F /* AJSetNotificationTableViewController.m in Sources */ = {isa = PBXBuildFile; fileRef = 957E70DF1E6DAC450059B75F /* AJSetNotificationTableViewController.m */; };
		957E70E31E6DAC6B0059B75F /* AJFeedbackTableViewController.m in Sources */ = {isa = PBXBuildFile; fileRef = 957E70E21E6DAC6B0059B75F /* AJFeedbackTableViewController.m */; };
		957E70E91E6DACD80059B75F /* AJAboutViewController.m in Sources */ = {isa = PBXBuildFile; fileRef = 957E70E81E6DACD80059B75F /* AJAboutViewController.m */; };
		957F5F611E065784008B65F2 /* Images.xcassets in Resources */ = {isa = PBXBuildFile; fileRef = 957F5F601E065784008B65F2 /* Images.xcassets */; };
		95C220721E745B550010FCF5 /* AJClubCollectionViewCell.m in Sources */ = {isa = PBXBuildFile; fileRef = 95C220701E745B550010FCF5 /* AJClubCollectionViewCell.m */; };
		95C220731E745B550010FCF5 /* AJClubCollectionViewCell.xib in Resources */ = {isa = PBXBuildFile; fileRef = 95C220711E745B550010FCF5 /* AJClubCollectionViewCell.xib */; };
		95F6BAAF1E59C561002EC4C7 /* AJSelectSchoolViewController.m in Sources */ = {isa = PBXBuildFile; fileRef = 95F6BAAE1E59C561002EC4C7 /* AJSelectSchoolViewController.m */; };
		96A590176FE31F80B9EFBCD8 /* libPods-SC.a in Frameworks */ = {isa = PBXBuildFile; fileRef = 4BF68CB234BD2E56DC20B259 /* libPods-SC.a */; };
/* End PBXBuildFile section */

/* Begin PBXContainerItemProxy section */
		9505657F1DFDA51B00A3E5C0 /* PBXContainerItemProxy */ = {
			isa = PBXContainerItemProxy;
			containerPortal = 9505655D1DFDA51B00A3E5C0 /* Project object */;
			proxyType = 1;
			remoteGlobalIDString = 950565641DFDA51B00A3E5C0;
			remoteInfo = SC;
		};
		9505658A1DFDA51B00A3E5C0 /* PBXContainerItemProxy */ = {
			isa = PBXContainerItemProxy;
			containerPortal = 9505655D1DFDA51B00A3E5C0 /* Project object */;
			proxyType = 1;
			remoteGlobalIDString = 950565641DFDA51B00A3E5C0;
			remoteInfo = SC;
		};
/* End PBXContainerItemProxy section */

/* Begin PBXFileReference section */
		04562E691E71279800A84568 /* AJMeInformationViewController.h */ = {isa = PBXFileReference; fileEncoding = 4; lastKnownFileType = sourcecode.c.h; path = AJMeInformationViewController.h; sourceTree = "<group>"; };
		04562E6A1E71279800A84568 /* AJMeInformationViewController.m */ = {isa = PBXFileReference; fileEncoding = 4; lastKnownFileType = sourcecode.c.objc; path = AJMeInformationViewController.m; sourceTree = "<group>"; };
		4BF68CB234BD2E56DC20B259 /* libPods-SC.a */ = {isa = PBXFileReference; explicitFileType = archive.ar; includeInIndex = 0; path = "libPods-SC.a"; sourceTree = BUILT_PRODUCTS_DIR; };
		6675A8599F424E6BE7B0E798 /* Pods-SC.release.xcconfig */ = {isa = PBXFileReference; includeInIndex = 1; lastKnownFileType = text.xcconfig; name = "Pods-SC.release.xcconfig"; path = "Pods/Target Support Files/Pods-SC/Pods-SC.release.xcconfig"; sourceTree = "<group>"; };
		950565651DFDA51B00A3E5C0 /* SC.app */ = {isa = PBXFileReference; explicitFileType = wrapper.application; includeInIndex = 0; path = SC.app; sourceTree = BUILT_PRODUCTS_DIR; };
		950565691DFDA51B00A3E5C0 /* main.m */ = {isa = PBXFileReference; lastKnownFileType = sourcecode.c.objc; path = main.m; sourceTree = "<group>"; };
		9505656B1DFDA51B00A3E5C0 /* AppDelegate.h */ = {isa = PBXFileReference; lastKnownFileType = sourcecode.c.h; path = AppDelegate.h; sourceTree = "<group>"; };
		9505656C1DFDA51B00A3E5C0 /* AppDelegate.m */ = {isa = PBXFileReference; lastKnownFileType = sourcecode.c.objc; path = AppDelegate.m; sourceTree = "<group>"; };
		950565721DFDA51B00A3E5C0 /* Base */ = {isa = PBXFileReference; lastKnownFileType = file.storyboard; name = Base; path = Base.lproj/Main.storyboard; sourceTree = "<group>"; };
		950565771DFDA51B00A3E5C0 /* Base */ = {isa = PBXFileReference; lastKnownFileType = file.storyboard; name = Base; path = Base.lproj/LaunchScreen.storyboard; sourceTree = "<group>"; };
		950565791DFDA51B00A3E5C0 /* Info.plist */ = {isa = PBXFileReference; lastKnownFileType = text.plist.xml; path = Info.plist; sourceTree = "<group>"; };
		9505657E1DFDA51B00A3E5C0 /* SCTests.xctest */ = {isa = PBXFileReference; explicitFileType = wrapper.cfbundle; includeInIndex = 0; path = SCTests.xctest; sourceTree = BUILT_PRODUCTS_DIR; };
		950565821DFDA51B00A3E5C0 /* SCTests.m */ = {isa = PBXFileReference; lastKnownFileType = sourcecode.c.objc; path = SCTests.m; sourceTree = "<group>"; };
		950565841DFDA51B00A3E5C0 /* Info.plist */ = {isa = PBXFileReference; lastKnownFileType = text.plist.xml; path = Info.plist; sourceTree = "<group>"; };
		950565891DFDA51B00A3E5C0 /* SCUITests.xctest */ = {isa = PBXFileReference; explicitFileType = wrapper.cfbundle; includeInIndex = 0; path = SCUITests.xctest; sourceTree = BUILT_PRODUCTS_DIR; };
		9505658D1DFDA51B00A3E5C0 /* SCUITests.m */ = {isa = PBXFileReference; lastKnownFileType = sourcecode.c.objc; path = SCUITests.m; sourceTree = "<group>"; };
		9505658F1DFDA51B00A3E5C0 /* Info.plist */ = {isa = PBXFileReference; lastKnownFileType = text.plist.xml; path = Info.plist; sourceTree = "<group>"; };
		950CCEE71E065FE200365F77 /* AJLoginViewController.h */ = {isa = PBXFileReference; fileEncoding = 4; lastKnownFileType = sourcecode.c.h; path = AJLoginViewController.h; sourceTree = "<group>"; };
		950CCEE81E065FE200365F77 /* AJLoginViewController.m */ = {isa = PBXFileReference; fileEncoding = 4; lastKnownFileType = sourcecode.c.objc; path = AJLoginViewController.m; sourceTree = "<group>"; };
		95294AE01E5B2EF500FDF1A6 /* AJPasswordViewController.h */ = {isa = PBXFileReference; fileEncoding = 4; lastKnownFileType = sourcecode.c.h; path = AJPasswordViewController.h; sourceTree = "<group>"; };
		95294AE11E5B2EF500FDF1A6 /* AJPasswordViewController.m */ = {isa = PBXFileReference; fileEncoding = 4; lastKnownFileType = sourcecode.c.objc; path = AJPasswordViewController.m; sourceTree = "<group>"; };
		953E25061E61B3F4000B17EF /* AJTabBarViewController.h */ = {isa = PBXFileReference; fileEncoding = 4; lastKnownFileType = sourcecode.c.h; path = AJTabBarViewController.h; sourceTree = "<group>"; };
		953E25071E61B3F4000B17EF /* AJTabBarViewController.m */ = {isa = PBXFileReference; fileEncoding = 4; lastKnownFileType = sourcecode.c.objc; path = AJTabBarViewController.m; sourceTree = "<group>"; };
		95581E2D1E48C8D9007327A0 /* AJPasswordTextField.h */ = {isa = PBXFileReference; fileEncoding = 4; lastKnownFileType = sourcecode.c.h; path = AJPasswordTextField.h; sourceTree = "<group>"; };
		95581E2E1E48C8D9007327A0 /* AJPasswordTextField.m */ = {isa = PBXFileReference; fileEncoding = 4; lastKnownFileType = sourcecode.c.objc; path = AJPasswordTextField.m; sourceTree = "<group>"; };
		955FA3EB1E0AD4A200E7A2F2 /* AJNavigationViewController.h */ = {isa = PBXFileReference; fileEncoding = 4; lastKnownFileType = sourcecode.c.h; path = AJNavigationViewController.h; sourceTree = "<group>"; };
		955FA3EC1E0AD4A200E7A2F2 /* AJNavigationViewController.m */ = {isa = PBXFileReference; fileEncoding = 4; lastKnownFileType = sourcecode.c.objc; path = AJNavigationViewController.m; sourceTree = "<group>"; };
		955FA3EE1E0ADDD900E7A2F2 /* AJRegistViewController.h */ = {isa = PBXFileReference; fileEncoding = 4; lastKnownFileType = sourcecode.c.h; path = AJRegistViewController.h; sourceTree = "<group>"; };
		955FA3EF1E0ADDD900E7A2F2 /* AJRegistViewController.m */ = {isa = PBXFileReference; fileEncoding = 4; lastKnownFileType = sourcecode.c.objc; path = AJRegistViewController.m; sourceTree = "<group>"; };
		957663721E6C5C390048FC96 /* AJMeSecurityTableViewController.h */ = {isa = PBXFileReference; fileEncoding = 4; lastKnownFileType = sourcecode.c.h; path = AJMeSecurityTableViewController.h; sourceTree = "<group>"; };
		957663731E6C5C390048FC96 /* AJMeSecurityTableViewController.m */ = {isa = PBXFileReference; fileEncoding = 4; lastKnownFileType = sourcecode.c.objc; path = AJMeSecurityTableViewController.m; sourceTree = "<group>"; };
		957663751E6C5C4F0048FC96 /* AJChangePasswordTableViewController.h */ = {isa = PBXFileReference; fileEncoding = 4; lastKnownFileType = sourcecode.c.h; path = AJChangePasswordTableViewController.h; sourceTree = "<group>"; };
		957663761E6C5C4F0048FC96 /* AJChangePasswordTableViewController.m */ = {isa = PBXFileReference; fileEncoding = 4; lastKnownFileType = sourcecode.c.objc; path = AJChangePasswordTableViewController.m; sourceTree = "<group>"; };
		957663781E6C63350048FC96 /* AJMeTableViewController.h */ = {isa = PBXFileReference; fileEncoding = 4; lastKnownFileType = sourcecode.c.h; path = AJMeTableViewController.h; sourceTree = "<group>"; };
		957663791E6C63350048FC96 /* AJMeTableViewController.m */ = {isa = PBXFileReference; fileEncoding = 4; lastKnownFileType = sourcecode.c.objc; path = AJMeTableViewController.m; sourceTree = "<group>"; };
		957E70DB1E6DABEB0059B75F /* AJSettingTableViewController.h */ = {isa = PBXFileReference; fileEncoding = 4; lastKnownFileType = sourcecode.c.h; path = AJSettingTableViewController.h; sourceTree = "<group>"; };
		957E70DC1E6DABEB0059B75F /* AJSettingTableViewController.m */ = {isa = PBXFileReference; fileEncoding = 4; lastKnownFileType = sourcecode.c.objc; path = AJSettingTableViewController.m; sourceTree = "<group>"; };
		957E70DE1E6DAC450059B75F /* AJSetNotificationTableViewController.h */ = {isa = PBXFileReference; fileEncoding = 4; lastKnownFileType = sourcecode.c.h; path = AJSetNotificationTableViewController.h; sourceTree = "<group>"; };
		957E70DF1E6DAC450059B75F /* AJSetNotificationTableViewController.m */ = {isa = PBXFileReference; fileEncoding = 4; lastKnownFileType = sourcecode.c.objc; path = AJSetNotificationTableViewController.m; sourceTree = "<group>"; };
		957E70E11E6DAC6B0059B75F /* AJFeedbackTableViewController.h */ = {isa = PBXFileReference; fileEncoding = 4; lastKnownFileType = sourcecode.c.h; path = AJFeedbackTableViewController.h; sourceTree = "<group>"; };
		957E70E21E6DAC6B0059B75F /* AJFeedbackTableViewController.m */ = {isa = PBXFileReference; fileEncoding = 4; lastKnownFileType = sourcecode.c.objc; path = AJFeedbackTableViewController.m; sourceTree = "<group>"; };
		957E70E71E6DACD80059B75F /* AJAboutViewController.h */ = {isa = PBXFileReference; fileEncoding = 4; lastKnownFileType = sourcecode.c.h; path = AJAboutViewController.h; sourceTree = "<group>"; };
		957E70E81E6DACD80059B75F /* AJAboutViewController.m */ = {isa = PBXFileReference; fileEncoding = 4; lastKnownFileType = sourcecode.c.objc; path = AJAboutViewController.m; sourceTree = "<group>"; };
		957F5F601E065784008B65F2 /* Images.xcassets */ = {isa = PBXFileReference; lastKnownFileType = folder.assetcatalog; path = Images.xcassets; sourceTree = "<group>"; };
		95C2206F1E745B550010FCF5 /* AJClubCollectionViewCell.h */ = {isa = PBXFileReference; fileEncoding = 4; lastKnownFileType = sourcecode.c.h; path = AJClubCollectionViewCell.h; sourceTree = "<group>"; };
		95C220701E745B550010FCF5 /* AJClubCollectionViewCell.m */ = {isa = PBXFileReference; fileEncoding = 4; lastKnownFileType = sourcecode.c.objc; path = AJClubCollectionViewCell.m; sourceTree = "<group>"; };
		95C220711E745B550010FCF5 /* AJClubCollectionViewCell.xib */ = {isa = PBXFileReference; fileEncoding = 4; lastKnownFileType = file.xib; path = AJClubCollectionViewCell.xib; sourceTree = "<group>"; };
		95F6BAAD1E59C561002EC4C7 /* AJSelectSchoolViewController.h */ = {isa = PBXFileReference; fileEncoding = 4; lastKnownFileType = sourcecode.c.h; path = AJSelectSchoolViewController.h; sourceTree = "<group>"; };
		95F6BAAE1E59C561002EC4C7 /* AJSelectSchoolViewController.m */ = {isa = PBXFileReference; fileEncoding = 4; lastKnownFileType = sourcecode.c.objc; path = AJSelectSchoolViewController.m; sourceTree = "<group>"; };
		95F6BAB01E59F803002EC4C7 /* SC-Prefix.pch */ = {isa = PBXFileReference; lastKnownFileType = sourcecode.c.h; path = "SC-Prefix.pch"; sourceTree = "<group>"; };
		B55F344F58C1FBC68FFA0726 /* Pods-SC.debug.xcconfig */ = {isa = PBXFileReference; includeInIndex = 1; lastKnownFileType = text.xcconfig; name = "Pods-SC.debug.xcconfig"; path = "Pods/Target Support Files/Pods-SC/Pods-SC.debug.xcconfig"; sourceTree = "<group>"; };
/* End PBXFileReference section */

/* Begin PBXFrameworksBuildPhase section */
		950565621DFDA51B00A3E5C0 /* Frameworks */ = {
			isa = PBXFrameworksBuildPhase;
			buildActionMask = 2147483647;
			files = (
				96A590176FE31F80B9EFBCD8 /* libPods-SC.a in Frameworks */,
			);
			runOnlyForDeploymentPostprocessing = 0;
		};
		9505657B1DFDA51B00A3E5C0 /* Frameworks */ = {
			isa = PBXFrameworksBuildPhase;
			buildActionMask = 2147483647;
			files = (
			);
			runOnlyForDeploymentPostprocessing = 0;
		};
		950565861DFDA51B00A3E5C0 /* Frameworks */ = {
			isa = PBXFrameworksBuildPhase;
			buildActionMask = 2147483647;
			files = (
			);
			runOnlyForDeploymentPostprocessing = 0;
		};
/* End PBXFrameworksBuildPhase section */

/* Begin PBXGroup section */
		76A5AC66E67B55A4304D504C /* Pods */ = {
			isa = PBXGroup;
			children = (
				B55F344F58C1FBC68FFA0726 /* Pods-SC.debug.xcconfig */,
				6675A8599F424E6BE7B0E798 /* Pods-SC.release.xcconfig */,
			);
			name = Pods;
			sourceTree = "<group>";
		};
		9505655C1DFDA51B00A3E5C0 = {
			isa = PBXGroup;
			children = (
				950565671DFDA51B00A3E5C0 /* SC */,
				950565811DFDA51B00A3E5C0 /* SCTests */,
				9505658C1DFDA51B00A3E5C0 /* SCUITests */,
				950565661DFDA51B00A3E5C0 /* Products */,
				76A5AC66E67B55A4304D504C /* Pods */,
				DB7E1887567E1FFCA722304E /* Frameworks */,
			);
			sourceTree = "<group>";
		};
		950565661DFDA51B00A3E5C0 /* Products */ = {
			isa = PBXGroup;
			children = (
				950565651DFDA51B00A3E5C0 /* SC.app */,
				9505657E1DFDA51B00A3E5C0 /* SCTests.xctest */,
				950565891DFDA51B00A3E5C0 /* SCUITests.xctest */,
			);
			name = Products;
			sourceTree = "<group>";
		};
		950565671DFDA51B00A3E5C0 /* SC */ = {
			isa = PBXGroup;
			children = (
				955FA3E91E0AD49200E7A2F2 /* Main */,
				953E25021E61AF45000B17EF /* School */,
				953E24FE1E61AF45000B17EF /* Notification */,
				953E24F61E61AF45000B17EF /* Club */,
				953E24FA1E61AF45000B17EF /* Me */,
				957F5F5F1E0655E6008B65F2 /* LoginAndRegister */,
				950565681DFDA51B00A3E5C0 /* Supporting Files */,
			);
			path = SC;
			sourceTree = "<group>";
		};
		950565681DFDA51B00A3E5C0 /* Supporting Files */ = {
			isa = PBXGroup;
			children = (
				950565711DFDA51B00A3E5C0 /* Main.storyboard */,
				950565761DFDA51B00A3E5C0 /* LaunchScreen.storyboard */,
				957F5F601E065784008B65F2 /* Images.xcassets */,
				950565791DFDA51B00A3E5C0 /* Info.plist */,
				95F6BAB01E59F803002EC4C7 /* SC-Prefix.pch */,
				9505656B1DFDA51B00A3E5C0 /* AppDelegate.h */,
				9505656C1DFDA51B00A3E5C0 /* AppDelegate.m */,
				950565691DFDA51B00A3E5C0 /* main.m */,
			);
			name = "Supporting Files";
			sourceTree = "<group>";
		};
		950565811DFDA51B00A3E5C0 /* SCTests */ = {
			isa = PBXGroup;
			children = (
				950565821DFDA51B00A3E5C0 /* SCTests.m */,
				950565841DFDA51B00A3E5C0 /* Info.plist */,
			);
			path = SCTests;
			sourceTree = "<group>";
		};
		9505658C1DFDA51B00A3E5C0 /* SCUITests */ = {
			isa = PBXGroup;
			children = (
				9505658D1DFDA51B00A3E5C0 /* SCUITests.m */,
				9505658F1DFDA51B00A3E5C0 /* Info.plist */,
			);
			path = SCUITests;
			sourceTree = "<group>";
		};
		953E24F61E61AF45000B17EF /* Club */ = {
			isa = PBXGroup;
			children = (
				953E24F71E61AF45000B17EF /* Controller */,
				953E24F81E61AF45000B17EF /* Model */,
				953E24F91E61AF45000B17EF /* View */,
			);
			path = Club;
			sourceTree = "<group>";
		};
		953E24F71E61AF45000B17EF /* Controller */ = {
			isa = PBXGroup;
			children = (
			);
			path = Controller;
			sourceTree = "<group>";
		};
		953E24F81E61AF45000B17EF /* Model */ = {
			isa = PBXGroup;
			children = (
			);
			path = Model;
			sourceTree = "<group>";
		};
		953E24F91E61AF45000B17EF /* View */ = {
			isa = PBXGroup;
			children = (
			);
			path = View;
			sourceTree = "<group>";
		};
		953E24FA1E61AF45000B17EF /* Me */ = {
			isa = PBXGroup;
			children = (
				953E24FB1E61AF45000B17EF /* Controller */,
				953E24FC1E61AF45000B17EF /* Model */,
				953E24FD1E61AF45000B17EF /* View */,
			);
			path = Me;
			sourceTree = "<group>";
		};
		953E24FB1E61AF45000B17EF /* Controller */ = {
			isa = PBXGroup;
			children = (
				957663721E6C5C390048FC96 /* AJMeSecurityTableViewController.h */,
				957663731E6C5C390048FC96 /* AJMeSecurityTableViewController.m */,
				957663751E6C5C4F0048FC96 /* AJChangePasswordTableViewController.h */,
				957663761E6C5C4F0048FC96 /* AJChangePasswordTableViewController.m */,
				957663781E6C63350048FC96 /* AJMeTableViewController.h */,
				957663791E6C63350048FC96 /* AJMeTableViewController.m */,
				957E70DB1E6DABEB0059B75F /* AJSettingTableViewController.h */,
				957E70DC1E6DABEB0059B75F /* AJSettingTableViewController.m */,
				957E70DE1E6DAC450059B75F /* AJSetNotificationTableViewController.h */,
				957E70DF1E6DAC450059B75F /* AJSetNotificationTableViewController.m */,
				957E70E11E6DAC6B0059B75F /* AJFeedbackTableViewController.h */,
				957E70E21E6DAC6B0059B75F /* AJFeedbackTableViewController.m */,
				957E70E71E6DACD80059B75F /* AJAboutViewController.h */,
				957E70E81E6DACD80059B75F /* AJAboutViewController.m */,
				04562E691E71279800A84568 /* AJMeInformationViewController.h */,
				04562E6A1E71279800A84568 /* AJMeInformationViewController.m */,
			);
			path = Controller;
			sourceTree = "<group>";
		};
		953E24FC1E61AF45000B17EF /* Model */ = {
			isa = PBXGroup;
			children = (
			);
			path = Model;
			sourceTree = "<group>";
		};
		953E24FD1E61AF45000B17EF /* View */ = {
			isa = PBXGroup;
			children = (
				95C2206F1E745B550010FCF5 /* AJClubCollectionViewCell.h */,
				95C220701E745B550010FCF5 /* AJClubCollectionViewCell.m */,
				95C220711E745B550010FCF5 /* AJClubCollectionViewCell.xib */,
			);
			path = View;
			sourceTree = "<group>";
		};
		953E24FE1E61AF45000B17EF /* Notification */ = {
			isa = PBXGroup;
			children = (
				953E24FF1E61AF45000B17EF /* Controller */,
				953E25001E61AF45000B17EF /* Model */,
				953E25011E61AF45000B17EF /* View */,
			);
			path = Notification;
			sourceTree = "<group>";
		};
		953E24FF1E61AF45000B17EF /* Controller */ = {
			isa = PBXGroup;
			children = (
			);
			path = Controller;
			sourceTree = "<group>";
		};
		953E25001E61AF45000B17EF /* Model */ = {
			isa = PBXGroup;
			children = (
			);
			path = Model;
			sourceTree = "<group>";
		};
		953E25011E61AF45000B17EF /* View */ = {
			isa = PBXGroup;
			children = (
			);
			path = View;
			sourceTree = "<group>";
		};
		953E25021E61AF45000B17EF /* School */ = {
			isa = PBXGroup;
			children = (
				953E25031E61AF45000B17EF /* Controller */,
				953E25041E61AF45000B17EF /* Model */,
				953E25051E61AF45000B17EF /* View */,
			);
			path = School;
			sourceTree = "<group>";
		};
		953E25031E61AF45000B17EF /* Controller */ = {
			isa = PBXGroup;
			children = (
			);
			path = Controller;
			sourceTree = "<group>";
		};
		953E25041E61AF45000B17EF /* Model */ = {
			isa = PBXGroup;
			children = (
			);
			path = Model;
			sourceTree = "<group>";
		};
		953E25051E61AF45000B17EF /* View */ = {
			isa = PBXGroup;
			children = (
			);
			path = View;
			sourceTree = "<group>";
		};
		95581E2C1E48C884007327A0 /* View */ = {
			isa = PBXGroup;
			children = (
				95581E2D1E48C8D9007327A0 /* AJPasswordTextField.h */,
				95581E2E1E48C8D9007327A0 /* AJPasswordTextField.m */,
			);
			name = View;
			path = SC/Main/View;
			sourceTree = SOURCE_ROOT;
		};
		955FA3E91E0AD49200E7A2F2 /* Main */ = {
			isa = PBXGroup;
			children = (
				955FA3EA1E0AD49200E7A2F2 /* Controller */,
				95581E2C1E48C884007327A0 /* View */,
			);
			path = Main;
			sourceTree = "<group>";
		};
		955FA3EA1E0AD49200E7A2F2 /* Controller */ = {
			isa = PBXGroup;
			children = (
				955FA3EB1E0AD4A200E7A2F2 /* AJNavigationViewController.h */,
				955FA3EC1E0AD4A200E7A2F2 /* AJNavigationViewController.m */,
				953E25061E61B3F4000B17EF /* AJTabBarViewController.h */,
				953E25071E61B3F4000B17EF /* AJTabBarViewController.m */,
			);
			path = Controller;
			sourceTree = "<group>";
		};
		957F5F5F1E0655E6008B65F2 /* LoginAndRegister */ = {
			isa = PBXGroup;
			children = (
				950CCEE71E065FE200365F77 /* AJLoginViewController.h */,
				950CCEE81E065FE200365F77 /* AJLoginViewController.m */,
				955FA3EE1E0ADDD900E7A2F2 /* AJRegistViewController.h */,
				955FA3EF1E0ADDD900E7A2F2 /* AJRegistViewController.m */,
				95F6BAAD1E59C561002EC4C7 /* AJSelectSchoolViewController.h */,
				95F6BAAE1E59C561002EC4C7 /* AJSelectSchoolViewController.m */,
				95294AE01E5B2EF500FDF1A6 /* AJPasswordViewController.h */,
				95294AE11E5B2EF500FDF1A6 /* AJPasswordViewController.m */,
			);
			path = LoginAndRegister;
			sourceTree = "<group>";
		};
		DB7E1887567E1FFCA722304E /* Frameworks */ = {
			isa = PBXGroup;
			children = (
				4BF68CB234BD2E56DC20B259 /* libPods-SC.a */,
			);
			name = Frameworks;
			sourceTree = "<group>";
		};
/* End PBXGroup section */

/* Begin PBXNativeTarget section */
		950565641DFDA51B00A3E5C0 /* SC */ = {
			isa = PBXNativeTarget;
			buildConfigurationList = 950565921DFDA51B00A3E5C0 /* Build configuration list for PBXNativeTarget "SC" */;
			buildPhases = (
				049B3259E74BA6D4FDFB372F /* [CP] Check Pods Manifest.lock */,
				950565611DFDA51B00A3E5C0 /* Sources */,
				950565621DFDA51B00A3E5C0 /* Frameworks */,
				950565631DFDA51B00A3E5C0 /* Resources */,
				F9FA09583B0D4E69C185646C /* [CP] Embed Pods Frameworks */,
				8A94424A5D6041023A19C8C3 /* [CP] Copy Pods Resources */,
			);
			buildRules = (
			);
			dependencies = (
			);
			name = SC;
			productName = SC;
			productReference = 950565651DFDA51B00A3E5C0 /* SC.app */;
			productType = "com.apple.product-type.application";
		};
		9505657D1DFDA51B00A3E5C0 /* SCTests */ = {
			isa = PBXNativeTarget;
			buildConfigurationList = 950565951DFDA51B00A3E5C0 /* Build configuration list for PBXNativeTarget "SCTests" */;
			buildPhases = (
				9505657A1DFDA51B00A3E5C0 /* Sources */,
				9505657B1DFDA51B00A3E5C0 /* Frameworks */,
				9505657C1DFDA51B00A3E5C0 /* Resources */,
			);
			buildRules = (
			);
			dependencies = (
				950565801DFDA51B00A3E5C0 /* PBXTargetDependency */,
			);
			name = SCTests;
			productName = SCTests;
			productReference = 9505657E1DFDA51B00A3E5C0 /* SCTests.xctest */;
			productType = "com.apple.product-type.bundle.unit-test";
		};
		950565881DFDA51B00A3E5C0 /* SCUITests */ = {
			isa = PBXNativeTarget;
			buildConfigurationList = 950565981DFDA51B00A3E5C0 /* Build configuration list for PBXNativeTarget "SCUITests" */;
			buildPhases = (
				950565851DFDA51B00A3E5C0 /* Sources */,
				950565861DFDA51B00A3E5C0 /* Frameworks */,
				950565871DFDA51B00A3E5C0 /* Resources */,
			);
			buildRules = (
			);
			dependencies = (
				9505658B1DFDA51B00A3E5C0 /* PBXTargetDependency */,
			);
			name = SCUITests;
			productName = SCUITests;
			productReference = 950565891DFDA51B00A3E5C0 /* SCUITests.xctest */;
			productType = "com.apple.product-type.bundle.ui-testing";
		};
/* End PBXNativeTarget section */

/* Begin PBXProject section */
		9505655D1DFDA51B00A3E5C0 /* Project object */ = {
			isa = PBXProject;
			attributes = {
				CLASSPREFIX = AJ;
				LastUpgradeCheck = 0800;
				ORGANIZATIONNAME = anjing;
				TargetAttributes = {
					950565641DFDA51B00A3E5C0 = {
						CreatedOnToolsVersion = 8.0;
						DevelopmentTeam = HJ2292U93V;
						ProvisioningStyle = Automatic;
					};
					9505657D1DFDA51B00A3E5C0 = {
						CreatedOnToolsVersion = 8.0;
						DevelopmentTeam = HJ2292U93V;
						ProvisioningStyle = Automatic;
						TestTargetID = 950565641DFDA51B00A3E5C0;
					};
					950565881DFDA51B00A3E5C0 = {
						CreatedOnToolsVersion = 8.0;
						DevelopmentTeam = HJ2292U93V;
						ProvisioningStyle = Automatic;
						TestTargetID = 950565641DFDA51B00A3E5C0;
					};
				};
			};
			buildConfigurationList = 950565601DFDA51B00A3E5C0 /* Build configuration list for PBXProject "SC" */;
			compatibilityVersion = "Xcode 3.2";
			developmentRegion = English;
			hasScannedForEncodings = 0;
			knownRegions = (
				en,
				Base,
			);
			mainGroup = 9505655C1DFDA51B00A3E5C0;
			productRefGroup = 950565661DFDA51B00A3E5C0 /* Products */;
			projectDirPath = "";
			projectRoot = "";
			targets = (
				950565641DFDA51B00A3E5C0 /* SC */,
				9505657D1DFDA51B00A3E5C0 /* SCTests */,
				950565881DFDA51B00A3E5C0 /* SCUITests */,
			);
		};
/* End PBXProject section */

/* Begin PBXResourcesBuildPhase section */
		950565631DFDA51B00A3E5C0 /* Resources */ = {
			isa = PBXResourcesBuildPhase;
			buildActionMask = 2147483647;
			files = (
				957F5F611E065784008B65F2 /* Images.xcassets in Resources */,
				95C220731E745B550010FCF5 /* AJClubCollectionViewCell.xib in Resources */,
				950565781DFDA51B00A3E5C0 /* LaunchScreen.storyboard in Resources */,
				950565731DFDA51B00A3E5C0 /* Main.storyboard in Resources */,
			);
			runOnlyForDeploymentPostprocessing = 0;
		};
		9505657C1DFDA51B00A3E5C0 /* Resources */ = {
			isa = PBXResourcesBuildPhase;
			buildActionMask = 2147483647;
			files = (
			);
			runOnlyForDeploymentPostprocessing = 0;
		};
		950565871DFDA51B00A3E5C0 /* Resources */ = {
			isa = PBXResourcesBuildPhase;
			buildActionMask = 2147483647;
			files = (
			);
			runOnlyForDeploymentPostprocessing = 0;
		};
/* End PBXResourcesBuildPhase section */

/* Begin PBXShellScriptBuildPhase section */
		049B3259E74BA6D4FDFB372F /* [CP] Check Pods Manifest.lock */ = {
			isa = PBXShellScriptBuildPhase;
			buildActionMask = 2147483647;
			files = (
			);
			inputPaths = (
			);
			name = "[CP] Check Pods Manifest.lock";
			outputPaths = (
			);
			runOnlyForDeploymentPostprocessing = 0;
			shellPath = /bin/sh;
			shellScript = "diff \"${PODS_ROOT}/../Podfile.lock\" \"${PODS_ROOT}/Manifest.lock\" > /dev/null\nif [[ $? != 0 ]] ; then\n    cat << EOM\nerror: The sandbox is not in sync with the Podfile.lock. Run 'pod install' or update your CocoaPods installation.\nEOM\n    exit 1\nfi\n";
			showEnvVarsInLog = 0;
		};
		8A94424A5D6041023A19C8C3 /* [CP] Copy Pods Resources */ = {
			isa = PBXShellScriptBuildPhase;
			buildActionMask = 2147483647;
			files = (
			);
			inputPaths = (
			);
			name = "[CP] Copy Pods Resources";
			outputPaths = (
			);
			runOnlyForDeploymentPostprocessing = 0;
			shellPath = /bin/sh;
			shellScript = "\"${SRCROOT}/Pods/Target Support Files/Pods-SC/Pods-SC-resources.sh\"\n";
			showEnvVarsInLog = 0;
		};
		F9FA09583B0D4E69C185646C /* [CP] Embed Pods Frameworks */ = {
			isa = PBXShellScriptBuildPhase;
			buildActionMask = 2147483647;
			files = (
			);
			inputPaths = (
			);
			name = "[CP] Embed Pods Frameworks";
			outputPaths = (
			);
			runOnlyForDeploymentPostprocessing = 0;
			shellPath = /bin/sh;
			shellScript = "\"${SRCROOT}/Pods/Target Support Files/Pods-SC/Pods-SC-frameworks.sh\"\n";
			showEnvVarsInLog = 0;
		};
/* End PBXShellScriptBuildPhase section */

/* Begin PBXSourcesBuildPhase section */
		950565611DFDA51B00A3E5C0 /* Sources */ = {
			isa = PBXSourcesBuildPhase;
			buildActionMask = 2147483647;
			files = (
				9576637A1E6C63350048FC96 /* AJMeTableViewController.m in Sources */,
				9505656D1DFDA51B00A3E5C0 /* AppDelegate.m in Sources */,
				957E70E01E6DAC450059B75F /* AJSetNotificationTableViewController.m in Sources */,
				957E70E31E6DAC6B0059B75F /* AJFeedbackTableViewController.m in Sources */,
				957E70DD1E6DABEB0059B75F /* AJSettingTableViewController.m in Sources */,
				955FA3ED1E0AD4A200E7A2F2 /* AJNavigationViewController.m in Sources */,
				957663741E6C5C390048FC96 /* AJMeSecurityTableViewController.m in Sources */,
				957E70E91E6DACD80059B75F /* AJAboutViewController.m in Sources */,
				04562E6B1E71279800A84568 /* AJMeInformationViewController.m in Sources */,
				95C220721E745B550010FCF5 /* AJClubCollectionViewCell.m in Sources */,
				95294AE21E5B2EF500FDF1A6 /* AJPasswordViewController.m in Sources */,
				95F6BAAF1E59C561002EC4C7 /* AJSelectSchoolViewController.m in Sources */,
				950CCEE91E065FE200365F77 /* AJLoginViewController.m in Sources */,
				953E25081E61B3F4000B17EF /* AJTabBarViewController.m in Sources */,
				95581E2F1E48C8D9007327A0 /* AJPasswordTextField.m in Sources */,
				9505656A1DFDA51B00A3E5C0 /* main.m in Sources */,
				957663771E6C5C4F0048FC96 /* AJChangePasswordTableViewController.m in Sources */,
				955FA3F01E0ADDD900E7A2F2 /* AJRegistViewController.m in Sources */,
			);
			runOnlyForDeploymentPostprocessing = 0;
		};
		9505657A1DFDA51B00A3E5C0 /* Sources */ = {
			isa = PBXSourcesBuildPhase;
			buildActionMask = 2147483647;
			files = (
				950565831DFDA51B00A3E5C0 /* SCTests.m in Sources */,
			);
			runOnlyForDeploymentPostprocessing = 0;
		};
		950565851DFDA51B00A3E5C0 /* Sources */ = {
			isa = PBXSourcesBuildPhase;
			buildActionMask = 2147483647;
			files = (
				9505658E1DFDA51B00A3E5C0 /* SCUITests.m in Sources */,
			);
			runOnlyForDeploymentPostprocessing = 0;
		};
/* End PBXSourcesBuildPhase section */

/* Begin PBXTargetDependency section */
		950565801DFDA51B00A3E5C0 /* PBXTargetDependency */ = {
			isa = PBXTargetDependency;
			target = 950565641DFDA51B00A3E5C0 /* SC */;
			targetProxy = 9505657F1DFDA51B00A3E5C0 /* PBXContainerItemProxy */;
		};
		9505658B1DFDA51B00A3E5C0 /* PBXTargetDependency */ = {
			isa = PBXTargetDependency;
			target = 950565641DFDA51B00A3E5C0 /* SC */;
			targetProxy = 9505658A1DFDA51B00A3E5C0 /* PBXContainerItemProxy */;
		};
/* End PBXTargetDependency section */

/* Begin PBXVariantGroup section */
		950565711DFDA51B00A3E5C0 /* Main.storyboard */ = {
			isa = PBXVariantGroup;
			children = (
				950565721DFDA51B00A3E5C0 /* Base */,
			);
			name = Main.storyboard;
			sourceTree = "<group>";
		};
		950565761DFDA51B00A3E5C0 /* LaunchScreen.storyboard */ = {
			isa = PBXVariantGroup;
			children = (
				950565771DFDA51B00A3E5C0 /* Base */,
			);
			name = LaunchScreen.storyboard;
			sourceTree = "<group>";
		};
/* End PBXVariantGroup section */

/* Begin XCBuildConfiguration section */
		950565901DFDA51B00A3E5C0 /* Debug */ = {
			isa = XCBuildConfiguration;
			buildSettings = {
				ALWAYS_SEARCH_USER_PATHS = NO;
				CLANG_ANALYZER_NONNULL = YES;
				CLANG_CXX_LANGUAGE_STANDARD = "gnu++0x";
				CLANG_CXX_LIBRARY = "libc++";
				CLANG_ENABLE_MODULES = YES;
				CLANG_ENABLE_OBJC_ARC = YES;
				CLANG_WARN_BOOL_CONVERSION = YES;
				CLANG_WARN_CONSTANT_CONVERSION = YES;
				CLANG_WARN_DIRECT_OBJC_ISA_USAGE = YES_ERROR;
				CLANG_WARN_DOCUMENTATION_COMMENTS = YES;
				CLANG_WARN_EMPTY_BODY = YES;
				CLANG_WARN_ENUM_CONVERSION = YES;
				CLANG_WARN_INFINITE_RECURSION = YES;
				CLANG_WARN_INT_CONVERSION = YES;
				CLANG_WARN_OBJC_ROOT_CLASS = YES_ERROR;
				CLANG_WARN_SUSPICIOUS_MOVES = YES;
				CLANG_WARN_UNREACHABLE_CODE = YES;
				CLANG_WARN__DUPLICATE_METHOD_MATCH = YES;
				"CODE_SIGN_IDENTITY[sdk=iphoneos*]" = "iPhone Developer";
				COPY_PHASE_STRIP = NO;
				DEBUG_INFORMATION_FORMAT = dwarf;
				ENABLE_STRICT_OBJC_MSGSEND = YES;
				ENABLE_TESTABILITY = YES;
				GCC_C_LANGUAGE_STANDARD = gnu99;
				GCC_DYNAMIC_NO_PIC = NO;
				GCC_NO_COMMON_BLOCKS = YES;
				GCC_OPTIMIZATION_LEVEL = 0;
				GCC_PREPROCESSOR_DEFINITIONS = (
					"DEBUG=1",
					"$(inherited)",
				);
				GCC_WARN_64_TO_32_BIT_CONVERSION = YES;
				GCC_WARN_ABOUT_RETURN_TYPE = YES_ERROR;
				GCC_WARN_UNDECLARED_SELECTOR = YES;
				GCC_WARN_UNINITIALIZED_AUTOS = YES_AGGRESSIVE;
				GCC_WARN_UNUSED_FUNCTION = YES;
				GCC_WARN_UNUSED_VARIABLE = YES;
				IPHONEOS_DEPLOYMENT_TARGET = 10.0;
				MTL_ENABLE_DEBUG_INFO = YES;
				ONLY_ACTIVE_ARCH = YES;
				SDKROOT = iphoneos;
				TARGETED_DEVICE_FAMILY = "1,2";
			};
			name = Debug;
		};
		950565911DFDA51B00A3E5C0 /* Release */ = {
			isa = XCBuildConfiguration;
			buildSettings = {
				ALWAYS_SEARCH_USER_PATHS = NO;
				CLANG_ANALYZER_NONNULL = YES;
				CLANG_CXX_LANGUAGE_STANDARD = "gnu++0x";
				CLANG_CXX_LIBRARY = "libc++";
				CLANG_ENABLE_MODULES = YES;
				CLANG_ENABLE_OBJC_ARC = YES;
				CLANG_WARN_BOOL_CONVERSION = YES;
				CLANG_WARN_CONSTANT_CONVERSION = YES;
				CLANG_WARN_DIRECT_OBJC_ISA_USAGE = YES_ERROR;
				CLANG_WARN_DOCUMENTATION_COMMENTS = YES;
				CLANG_WARN_EMPTY_BODY = YES;
				CLANG_WARN_ENUM_CONVERSION = YES;
				CLANG_WARN_INFINITE_RECURSION = YES;
				CLANG_WARN_INT_CONVERSION = YES;
				CLANG_WARN_OBJC_ROOT_CLASS = YES_ERROR;
				CLANG_WARN_SUSPICIOUS_MOVES = YES;
				CLANG_WARN_UNREACHABLE_CODE = YES;
				CLANG_WARN__DUPLICATE_METHOD_MATCH = YES;
				"CODE_SIGN_IDENTITY[sdk=iphoneos*]" = "iPhone Developer";
				COPY_PHASE_STRIP = NO;
				DEBUG_INFORMATION_FORMAT = "dwarf-with-dsym";
				ENABLE_NS_ASSERTIONS = NO;
				ENABLE_STRICT_OBJC_MSGSEND = YES;
				GCC_C_LANGUAGE_STANDARD = gnu99;
				GCC_NO_COMMON_BLOCKS = YES;
				GCC_WARN_64_TO_32_BIT_CONVERSION = YES;
				GCC_WARN_ABOUT_RETURN_TYPE = YES_ERROR;
				GCC_WARN_UNDECLARED_SELECTOR = YES;
				GCC_WARN_UNINITIALIZED_AUTOS = YES_AGGRESSIVE;
				GCC_WARN_UNUSED_FUNCTION = YES;
				GCC_WARN_UNUSED_VARIABLE = YES;
				IPHONEOS_DEPLOYMENT_TARGET = 10.0;
				MTL_ENABLE_DEBUG_INFO = NO;
				SDKROOT = iphoneos;
				TARGETED_DEVICE_FAMILY = "1,2";
				VALIDATE_PRODUCT = YES;
			};
			name = Release;
		};
		950565931DFDA51B00A3E5C0 /* Debug */ = {
			isa = XCBuildConfiguration;
			baseConfigurationReference = B55F344F58C1FBC68FFA0726 /* Pods-SC.debug.xcconfig */;
			buildSettings = {
				ASSETCATALOG_COMPILER_APPICON_NAME = AppIcon;
				ASSETCATALOG_COMPILER_LAUNCHIMAGE_NAME = LaunchImage;
				DEVELOPMENT_TEAM = HJ2292U93V;
				GCC_PRECOMPILE_PREFIX_HEADER = YES;
				GCC_PREFIX_HEADER = "SC/SC-Prefix.pch";
				INFOPLIST_FILE = SC/Info.plist;
				IPHONEOS_DEPLOYMENT_TARGET = 8.0;
				LD_RUNPATH_SEARCH_PATHS = "$(inherited) @executable_path/Frameworks";
				PRODUCT_BUNDLE_IDENTIFIER = com.anjing.SC;
				PRODUCT_NAME = "$(TARGET_NAME)";
			};
			name = Debug;
		};
		950565941DFDA51B00A3E5C0 /* Release */ = {
			isa = XCBuildConfiguration;
			baseConfigurationReference = 6675A8599F424E6BE7B0E798 /* Pods-SC.release.xcconfig */;
			buildSettings = {
				ASSETCATALOG_COMPILER_APPICON_NAME = AppIcon;
				ASSETCATALOG_COMPILER_LAUNCHIMAGE_NAME = LaunchImage;
				DEVELOPMENT_TEAM = HJ2292U93V;
				GCC_PRECOMPILE_PREFIX_HEADER = YES;
				GCC_PREFIX_HEADER = "SC/SC-Prefix.pch";
				INFOPLIST_FILE = SC/Info.plist;
				IPHONEOS_DEPLOYMENT_TARGET = 8.0;
				LD_RUNPATH_SEARCH_PATHS = "$(inherited) @executable_path/Frameworks";
				PRODUCT_BUNDLE_IDENTIFIER = com.anjing.SC;
				PRODUCT_NAME = "$(TARGET_NAME)";
			};
			name = Release;
		};
		950565961DFDA51B00A3E5C0 /* Debug */ = {
			isa = XCBuildConfiguration;
			buildSettings = {
				BUNDLE_LOADER = "$(TEST_HOST)";
				DEVELOPMENT_TEAM = HJ2292U93V;
				INFOPLIST_FILE = SCTests/Info.plist;
				LD_RUNPATH_SEARCH_PATHS = "$(inherited) @executable_path/Frameworks @loader_path/Frameworks";
				PRODUCT_BUNDLE_IDENTIFIER = com.anjing.SCTests;
				PRODUCT_NAME = "$(TARGET_NAME)";
				TEST_HOST = "$(BUILT_PRODUCTS_DIR)/SC.app/SC";
			};
			name = Debug;
		};
		950565971DFDA51B00A3E5C0 /* Release */ = {
			isa = XCBuildConfiguration;
			buildSettings = {
				BUNDLE_LOADER = "$(TEST_HOST)";
				DEVELOPMENT_TEAM = HJ2292U93V;
				INFOPLIST_FILE = SCTests/Info.plist;
				LD_RUNPATH_SEARCH_PATHS = "$(inherited) @executable_path/Frameworks @loader_path/Frameworks";
				PRODUCT_BUNDLE_IDENTIFIER = com.anjing.SCTests;
				PRODUCT_NAME = "$(TARGET_NAME)";
				TEST_HOST = "$(BUILT_PRODUCTS_DIR)/SC.app/SC";
			};
			name = Release;
		};
		950565991DFDA51B00A3E5C0 /* Debug */ = {
			isa = XCBuildConfiguration;
			buildSettings = {
				DEVELOPMENT_TEAM = HJ2292U93V;
				INFOPLIST_FILE = SCUITests/Info.plist;
				LD_RUNPATH_SEARCH_PATHS = "$(inherited) @executable_path/Frameworks @loader_path/Frameworks";
				PRODUCT_BUNDLE_IDENTIFIER = com.anjing.SCUITests;
				PRODUCT_NAME = "$(TARGET_NAME)";
				TEST_TARGET_NAME = SC;
			};
			name = Debug;
		};
		9505659A1DFDA51B00A3E5C0 /* Release */ = {
			isa = XCBuildConfiguration;
			buildSettings = {
				DEVELOPMENT_TEAM = HJ2292U93V;
				INFOPLIST_FILE = SCUITests/Info.plist;
				LD_RUNPATH_SEARCH_PATHS = "$(inherited) @executable_path/Frameworks @loader_path/Frameworks";
				PRODUCT_BUNDLE_IDENTIFIER = com.anjing.SCUITests;
				PRODUCT_NAME = "$(TARGET_NAME)";
				TEST_TARGET_NAME = SC;
			};
			name = Release;
		};
/* End XCBuildConfiguration section */

/* Begin XCConfigurationList section */
		950565601DFDA51B00A3E5C0 /* Build configuration list for PBXProject "SC" */ = {
			isa = XCConfigurationList;
			buildConfigurations = (
				950565901DFDA51B00A3E5C0 /* Debug */,
				950565911DFDA51B00A3E5C0 /* Release */,
			);
			defaultConfigurationIsVisible = 0;
			defaultConfigurationName = Release;
		};
		950565921DFDA51B00A3E5C0 /* Build configuration list for PBXNativeTarget "SC" */ = {
			isa = XCConfigurationList;
			buildConfigurations = (
				950565931DFDA51B00A3E5C0 /* Debug */,
				950565941DFDA51B00A3E5C0 /* Release */,
			);
			defaultConfigurationIsVisible = 0;
			defaultConfigurationName = Release;
		};
		950565951DFDA51B00A3E5C0 /* Build configuration list for PBXNativeTarget "SCTests" */ = {
			isa = XCConfigurationList;
			buildConfigurations = (
				950565961DFDA51B00A3E5C0 /* Debug */,
				950565971DFDA51B00A3E5C0 /* Release */,
			);
			defaultConfigurationIsVisible = 0;
			defaultConfigurationName = Release;
		};
		950565981DFDA51B00A3E5C0 /* Build configuration list for PBXNativeTarget "SCUITests" */ = {
			isa = XCConfigurationList;
			buildConfigurations = (
				950565991DFDA51B00A3E5C0 /* Debug */,
				9505659A1DFDA51B00A3E5C0 /* Release */,
			);
			defaultConfigurationIsVisible = 0;
			defaultConfigurationName = Release;
		};
/* End XCConfigurationList section */
	};
	rootObject = 9505655D1DFDA51B00A3E5C0 /* Project object */;
}
